# THIS IS AN AUTOGENERATED FILE. DO NOT EDIT THIS FILE DIRECTLY.
# yarn lockfile v1


centra@^2.2.1:
  version "2.3.0"
  resolved "https://registry.yarnpkg.com/centra/-/centra-2.3.0.tgz#f948f515df19e0254eb870eafe99dc8e6639c0c0"
  integrity sha512-lTkddKeVMfhJHHEstYovNxTyAe00J2lSACHbZ1dbMjGT5pJVIMEESjvzpH5HtxlaCZ5GIXX7EctO5RU2RVskuw==

phin@^3.4.0:
  version "3.4.0"
  resolved "https://registry.yarnpkg.com/phin/-/phin-3.4.0.tgz#479df2ecfbbc2b8a6039852970b8b15a78da5169"
  integrity sha512-wueoW9X6HbzBN4AqV3Etv9kkgYyaObwPTsIYsUEmgDWiLI6SzYozEsOZ5e3Hd/9H0mrIUbqUuvOTA6SCqErJrQ==
  dependencies:
    centra "^2.2.1"
